
Microsoft Visual Studio Solution File, Format Version 12.00
# Visual Studio Version 16
VisualStudioVersion = 16.0.30128.74
MinimumVisualStudioVersion = 10.0.40219.1
Project("{FAE04EC0-301F-11D3-BF4B-00C04F79EFBC}") = "PastryShop", "PastryShop\PastryShop.csproj", "{4DBB2210-1034-4454-A6EC-700C43EBFB47}"
EndProject
Global
	GlobalSection(SolutionConfigurationPlatforms) = preSolution
		Debug|Any CPU = Debug|Any CPU
		Release|Any CPU = Release|Any CPU
	EndGlobalSection
	GlobalSection(ProjectConfigurationPlatforms) = postSolution
		{4DBB2210-1034-4454-A6EC-700C43EBFB47}.Debug|Any CPU.ActiveCfg = Debug|Any CPU
		{4DBB2210-1034-4454-A6EC-700C43EBFB47}.Debug|Any CPU.Build.0 = Debug|Any CPU
		{4DBB2210-1034-4454-A6EC-700C43EBFB47}.Release|Any CPU.ActiveCfg = Release|Any CPU
		{4DBB2210-1034-4454-A6EC-700C43EBFB47}.Release|Any CPU.Build.0 = Release|Any CPU
	EndGlobalSection
	GlobalSection(SolutionProperties) = preSolution
		HideSolutionNode = FALSE
	EndGlobalSection
	GlobalSection(ExtensibilityGlobals) = postSolution
		SolutionGuid = {5B1305F7-584A-4B7A-B567-72D068C4DB33}
	EndGlobalSection
EndGlobal
